// !$*UTF8*$!
{
	archiveVersion = 1;
	classes = {
	};
	objectVersion = 46;
	objects = {

/* Begin PBXBuildFile section */
		5027FC5D1A7E3EDF000C116F /* main.m in Sources */ = {isa = PBXBuildFile; fileRef = 5027FC5C1A7E3EDF000C116F /* main.m */; };
		5027FC601A7E3EDF000C116F /* AppDelegate.m in Sources */ = {isa = PBXBuildFile; fileRef = 5027FC5F1A7E3EDF000C116F /* AppDelegate.m */; };
		5027FC631A7E3EDF000C116F /* ViewController.m in Sources */ = {isa = PBXBuildFile; fileRef = 5027FC621A7E3EDF000C116F /* ViewController.m */; };
		5027FC661A7E3EDF000C116F /* Main.storyboard in Resources */ = {isa = PBXBuildFile; fileRef = 5027FC641A7E3EDF000C116F /* Main.storyboard */; };
		5027FC681A7E3EDF000C116F /* Images.xcassets in Resources */ = {isa = PBXBuildFile; fileRef = 5027FC671A7E3EDF000C116F /* Images.xcassets */; };
		5027FC6B1A7E3EDF000C116F /* LaunchScreen.xib in Resources */ = {isa = PBXBuildFile; fileRef = 5027FC691A7E3EDF000C116F /* LaunchScreen.xib */; };
		5027FC831A7E42CB000C116F /* ImageCollectionViewCell.m in Sources */ = {isa = PBXBuildFile; fileRef = 5027FC811A7E42CB000C116F /* ImageCollectionViewCell.m */; };
		5027FC841A7E42CB000C116F /* ImageCollectionViewCell.xib in Resources */ = {isa = PBXBuildFile; fileRef = 5027FC821A7E42CB000C116F /* ImageCollectionViewCell.xib */; };
/* End PBXBuildFile section */

/* Begin PBXFileReference section */
		5027FC571A7E3EDF000C116F /* Waterfall.app */ = {isa = PBXFileReference; explicitFileType = wrapper.application; includeInIndex = 0; path = Waterfall.app; sourceTree = BUILT_PRODUCTS_DIR; };
		5027FC5B1A7E3EDF000C116F /* Info.plist */ = {isa = PBXFileReference; lastKnownFileType = text.plist.xml; path = Info.plist; sourceTree = "<group>"; };
		5027FC5C1A7E3EDF000C116F /* main.m */ = {isa = PBXFileReference; lastKnownFileType = sourcecode.c.objc; path = main.m; sourceTree = "<group>"; };
		5027FC5E1A7E3EDF000C116F /* AppDelegate.h */ = {isa = PBXFileReference; lastKnownFileType = sourcecode.c.h; path = AppDelegate.h; sourceTree = "<group>"; };
		5027FC5F1A7E3EDF000C116F /* AppDelegate.m */ = {isa = PBXFileReference; lastKnownFileType = sourcecode.c.objc; path = AppDelegate.m; sourceTree = "<group>"; };
		5027FC611A7E3EDF000C116F /* ViewController.h */ = {isa = PBXFileReference; lastKnownFileType = sourcecode.c.h; path = ViewController.h; sourceTree = "<group>"; };
		5027FC621A7E3EDF000C116F /* ViewController.m */ = {isa = PBXFileReference; lastKnownFileType = sourcecode.c.objc; path = ViewController.m; sourceTree = "<group>"; };
		5027FC651A7E3EDF000C116F /* Base */ = {isa = PBXFileReference; lastKnownFileType = file.storyboard; name = Base; path = Base.lproj/Main.storyboard; sourceTree = "<group>"; };
		5027FC671A7E3EDF000C116F /* Images.xcassets */ = {isa = PBXFileReference; lastKnownFileType = folder.assetcatalog; path = Images.xcassets; sourceTree = "<group>"; };
		5027FC6A1A7E3EDF000C116F /* Base */ = {isa = PBXFileReference; lastKnownFileType = file.xib; name = Base; path = Base.lproj/LaunchScreen.xib; sourceTree = "<group>"; };
		5027FC801A7E42CB000C116F /* ImageCollectionViewCell.h */ = {isa = PBXFileReference; fileEncoding = 4; lastKnownFileType = sourcecode.c.h; path = ImageCollectionViewCell.h; sourceTree = "<group>"; };
		5027FC811A7E42CB000C116F /* ImageCollectionViewCell.m */ = {isa = PBXFileReference; fileEncoding = 4; lastKnownFileType = sourcecode.c.objc; path = ImageCollectionViewCell.m; sourceTree = "<group>"; };
		5027FC821A7E42CB000C116F /* ImageCollectionViewCell.xib */ = {isa = PBXFileReference; fileEncoding = 4; lastKnownFileType = file.xib; path = ImageCollectionViewCell.xib; sourceTree = "<group>"; };
/* End PBXFileReference section */

/* Begin PBXFrameworksBuildPhase section */
		5027FC541A7E3EDF000C116F /* Frameworks */ = {
			isa = PBXFrameworksBuildPhase;
			buildActionMask = 2147483647;
			files = (
			);
			runOnlyForDeploymentPostprocessing = 0;
		};
/* End PBXFrameworksBuildPhase section */

/* Begin PBXGroup section */
		5027FC4E1A7E3EDF000C116F = {
			isa = PBXGroup;
			children = (
				5027FC591A7E3EDF000C116F /* Waterfall2 */,
				5027FC581A7E3EDF000C116F /* Products */,
			);
			sourceTree = "<group>";
		};
		5027FC581A7E3EDF000C116F /* Products */ = {
			isa = PBXGroup;
			children = (
				5027FC571A7E3EDF000C116F /* Waterfall.app */,
			);
			name = Products;
			sourceTree = "<group>";
		};
		5027FC591A7E3EDF000C116F /* Waterfall2 */ = {
			isa = PBXGroup;
			children = (
				5027FC5E1A7E3EDF000C116F /* AppDelegate.h */,
				5027FC5F1A7E3EDF000C116F /* AppDelegate.m */,
				5027FC611A7E3EDF000C116F /* ViewController.h */,
				5027FC621A7E3EDF000C116F /* ViewController.m */,
				5027FC801A7E42CB000C116F /* ImageCollectionViewCell.h */,
				5027FC811A7E42CB000C116F /* ImageCollectionViewCell.m */,
				5027FC821A7E42CB000C116F /* ImageCollectionViewCell.xib */,
				5027FC641A7E3EDF000C116F /* Main.storyboard */,
				5027FC671A7E3EDF000C116F /* Images.xcassets */,
				5027FC691A7E3EDF000C116F /* LaunchScreen.xib */,
				5027FC5A1A7E3EDF000C116F /* Supporting Files */,
			);
			path = Waterfall2;
			sourceTree = "<group>";
		};
		5027FC5A1A7E3EDF000C116F /* Supporting Files */ = {
			isa = PBXGroup;
			children = (
				5027FC5B1A7E3EDF000C116F /* Info.plist */,
				5027FC5C1A7E3EDF000C116F /* main.m */,
			);
			name = "Supporting Files";
			sourceTree = "<group>";
		};
/* End PBXGroup section */

/* Begin PBXNativeTarget section */
		5027FC561A7E3EDF000C116F /* Waterfall */ = {
			isa = PBXNativeTarget;
			buildConfigurationList = 5027FC7A1A7E3EDF000C116F /* Build configuration list for PBXNativeTarget "Waterfall" */;
			buildPhases = (
				5027FC531A7E3EDF000C116F /* Sources */,
				5027FC541A7E3EDF000C116F /* Frameworks */,
				5027FC551A7E3EDF000C116F /* Resources */,
			);
			buildRules = (
			);
			dependencies = (
			);
			name = Waterfall;
			productName = Waterfall2;
			productReference = 5027FC571A7E3EDF000C116F /* Waterfall.app */;
			productType = "com.apple.product-type.application";
		};
/* End PBXNativeTarget section */

/* Begin PBXProject section */
		5027FC4F1A7E3EDF000C116F /* Project object */ = {
			isa = PBXProject;
			attributes = {
				LastUpgradeCheck = 0620;
				ORGANIZATIONNAME = Sword;
				TargetAttributes = {
					5027FC561A7E3EDF000C116F = {
						CreatedOnToolsVersion = 6.2;
					};
				};
			};
			buildConfigurationList = 5027FC521A7E3EDF000C116F /* Build configuration list for PBXProject "Waterfall" */;
			compatibilityVersion = "Xcode 3.2";
			developmentRegion = English;
			hasScannedForEncodings = 0;
			knownRegions = (
				en,
				Base,
			);
			mainGroup = 5027FC4E1A7E3EDF000C116F;
			productRefGroup = 5027FC581A7E3EDF000C116F /* Products */;
			projectDirPath = "";
			projectRoot = "";
			targets = (
				5027FC561A7E3EDF000C116F /* Waterfall */,
			);
		};
/* End PBXProject section */

/* Begin PBXResourcesBuildPhase section */
		5027FC551A7E3EDF000C116F /* Resources */ = {
			isa = PBXResourcesBuildPhase;
			buildActionMask = 2147483647;
			files = (
				5027FC661A7E3EDF000C116F /* Main.storyboard in Resources */,
				5027FC6B1A7E3EDF000C116F /* LaunchScreen.xib in Resources */,
				5027FC841A7E42CB000C116F /* ImageCollectionViewCell.xib in Resources */,
				5027FC681A7E3EDF000C116F /* Images.xcassets in Resources */,
			);
			runOnlyForDeploymentPostprocessing = 0;
		};
/* End PBXResourcesBuildPhase section */

/* Begin PBXSourcesBuildPhase section */
		5027FC531A7E3EDF000C116F /* Sources */ = {
			isa = PBXSourcesBuildPhase;
			buildActionMask = 2147483647;
			files = (
				5027FC631A7E3EDF000C116F /* ViewController.m in Sources */,
				5027FC601A7E3EDF000C116F /* AppDelegate.m in Sources */,
				5027FC831A7E42CB000C116F /* ImageCollectionViewCell.m in Sources */,
				5027FC5D1A7E3EDF000C116F /* main.m in Sources */,
			);
			runOnlyForDeploymentPostprocessing = 0;
		};
/* End PBXSourcesBuildPhase section */

/* Begin PBXVariantGroup section */
		5027FC641A7E3EDF000C116F /* Main.storyboard */ = {
			isa = PBXVariantGroup;
			children = (
				5027FC651A7E3EDF000C116F /* Base */,
			);
			name = Main.storyboard;
			sourceTree = "<group>";
		};
		5027FC691A7E3EDF000C116F /* LaunchScreen.xib */ = {
			isa = PBXVariantGroup;
			children = (
				5027FC6A1A7E3EDF000C116F /* Base */,
			);
			name = LaunchScreen.xib;
			sourceTree = "<group>";
		};
/* End PBXVariantGroup section */

/* Begin XCBuildConfiguration section */
		5027FC781A7E3EDF000C116F /* Debug */ = {
			isa = XCBuildConfiguration;
			buildSettings = {
				ALWAYS_SEARCH_USER_PATHS = NO;
				CLANG_CXX_LANGUAGE_STANDARD = "gnu++0x";
				CLANG_CXX_LIBRARY = "libc++";
				CLANG_ENABLE_MODULES = YES;
				CLANG_ENABLE_OBJC_ARC = YES;
				CLANG_WARN_BOOL_CONVERSION = YES;
				CLANG_WARN_CONSTANT_CONVERSION = YES;
				CLANG_WARN_DIRECT_OBJC_ISA_USAGE = YES_ERROR;
				CLANG_WARN_EMPTY_BODY = YES;
				CLANG_WARN_ENUM_CONVERSION = YES;
				CLANG_WARN_INT_CONVERSION = YES;
				CLANG_WARN_OBJC_ROOT_CLASS = YES_ERROR;
				CLANG_WARN_UNREACHABLE_CODE = YES;
				CLANG_WARN__DUPLICATE_METHOD_MATCH = YES;
				"CODE_SIGN_IDENTITY[sdk=iphoneos*]" = "iPhone Developer";
				COPY_PHASE_STRIP = NO;
				ENABLE_STRICT_OBJC_MSGSEND = YES;
				GCC_C_LANGUAGE_STANDARD = gnu99;
				GCC_DYNAMIC_NO_PIC = NO;
				GCC_OPTIMIZATION_LEVEL = 0;
				GCC_PREPROCESSOR_DEFINITIONS = (
					"DEBUG=1",
					"$(inherited)",
				);
				GCC_SYMBOLS_PRIVATE_EXTERN = NO;
				GCC_WARN_64_TO_32_BIT_CONVERSION = YES;
				GCC_WARN_ABOUT_RETURN_TYPE = YES_ERROR;
				GCC_WARN_UNDECLARED_SELECTOR = YES;
				GCC_WARN_UNINITIALIZED_AUTOS = YES_AGGRESSIVE;
				GCC_WARN_UNUSED_FUNCTION = YES;
				GCC_WARN_UNUSED_VARIABLE = YES;
				IPHONEOS_DEPLOYMENT_TARGET = 8.2;
				MTL_ENABLE_DEBUG_INFO = YES;
				ONLY_ACTIVE_ARCH = YES;
				SDKROOT = iphoneos;
			};
			name = Debug;
		};
		5027FC791A7E3EDF000C116F /* Release */ = {
			isa = XCBuildConfiguration;
			buildSettings = {
				ALWAYS_SEARCH_USER_PATHS = NO;
				CLANG_CXX_LANGUAGE_STANDARD = "gnu++0x";
				CLANG_CXX_LIBRARY = "libc++";
				CLANG_ENABLE_MODULES = YES;
				CLANG_ENABLE_OBJC_ARC = YES;
				CLANG_WARN_BOOL_CONVERSION = YES;
				CLANG_WARN_CONSTANT_CONVERSION = YES;
				CLANG_WARN_DIRECT_OBJC_ISA_USAGE = YES_ERROR;
				CLANG_WARN_EMPTY_BODY = YES;
				CLANG_WARN_ENUM_CONVERSION = YES;
				CLANG_WARN_INT_CONVERSION = YES;
				CLANG_WARN_OBJC_ROOT_CLASS = YES_ERROR;
				CLANG_WARN_UNREACHABLE_CODE = YES;
				CLANG_WARN__DUPLICATE_METHOD_MATCH = YES;
				"CODE_SIGN_IDENTITY[sdk=iphoneos*]" = "iPhone Developer";
				COPY_PHASE_STRIP = NO;
				ENABLE_NS_ASSERTIONS = NO;
				ENABLE_STRICT_OBJC_MSGSEND = YES;
				GCC_C_LANGUAGE_STANDARD = gnu99;
				GCC_WARN_64_TO_32_BIT_CONVERSION = YES;
				GCC_WARN_ABOUT_RETURN_TYPE = YES_ERROR;
				GCC_WARN_UNDECLARED_SELECTOR = YES;
				GCC_WARN_UNINITIALIZED_AUTOS = YES_AGGRESSIVE;
				GCC_WARN_UNUSED_FUNCTION = YES;
				GCC_WARN_UNUSED_VARIABLE = YES;
				IPHONEOS_DEPLOYMENT_TARGET = 8.2;
				MTL_ENABLE_DEBUG_INFO = NO;
				SDKROOT = iphoneos;
				VALIDATE_PRODUCT = YES;
			};
			name = Release;
		};
		5027FC7B1A7E3EDF000C116F /* Debug */ = {
			isa = XCBuildConfiguration;
			buildSettings = {
				ASSETCATALOG_COMPILER_APPICON_NAME = AppIcon;
				INFOPLIST_FILE = Waterfall2/Info.plist;
				LD_RUNPATH_SEARCH_PATHS = "$(inherited) @executable_path/Frameworks";
				PRODUCT_NAME = Waterfall;
			};
			name = Debug;
		};
		5027FC7C1A7E3EDF000C116F /* Release */ = {
			isa = XCBuildConfiguration;
			buildSettings = {
				ASSETCATALOG_COMPILER_APPICON_NAME = AppIcon;
				INFOPLIST_FILE = Waterfall2/Info.plist;
				LD_RUNPATH_SEARCH_PATHS = "$(inherited) @executable_path/Frameworks";
				PRODUCT_NAME = Waterfall;
			};
			name = Release;
		};
/* End XCBuildConfiguration section */

/* Begin XCConfigurationList section */
		5027FC521A7E3EDF000C116F /* Build configuration list for PBXProject "Waterfall" */ = {
			isa = XCConfigurationList;
			buildConfigurations = (
				5027FC781A7E3EDF000C116F /* Debug */,
				5027FC791A7E3EDF000C116F /* Release */,
			);
			defaultConfigurationIsVisible = 0;
			defaultConfigurationName = Release;
		};
		5027FC7A1A7E3EDF000C116F /* Build configuration list for PBXNativeTarget "Waterfall" */ = {
			isa = XCConfigurationList;
			buildConfigurations = (
				5027FC7B1A7E3EDF000C116F /* Debug */,
				5027FC7C1A7E3EDF000C116F /* Release */,
			);
			defaultConfigurationIsVisible = 0;
			defaultConfigurationName = Release;
		};
/* End XCConfigurationList section */
	};
	rootObject = 5027FC4F1A7E3EDF000C116F /* Project object */;
}
